
Microsoft Visual Studio Solution File, Format Version 12.00
# Visual Studio Version 16
VisualStudioVersion = 16.0.31702.278
MinimumVisualStudioVersion = 10.0.40219.1
Project("{FAE04EC0-301F-11D3-BF4B-00C04F79EFBC}") = "GetFood-Projeto", "GetFood-Projeto\GetFood-Projeto.csproj", "{A100BFFE-44BA-495F-8446-8CE502CE0310}"
EndProject
Global
	GlobalSection(SolutionConfigurationPlatforms) = preSolution
		Debug|Any CPU = Debug|Any CPU
		Release|Any CPU = Release|Any CPU
	EndGlobalSection
	GlobalSection(ProjectConfigurationPlatforms) = postSolution
		{A100BFFE-44BA-495F-8446-8CE502CE0310}.Debug|Any CPU.ActiveCfg = Debug|Any CPU
		{A100BFFE-44BA-495F-8446-8CE502CE0310}.Debug|Any CPU.Build.0 = Debug|Any CPU
		{A100BFFE-44BA-495F-8446-8CE502CE0310}.Release|Any CPU.ActiveCfg = Release|Any CPU
		{A100BFFE-44BA-495F-8446-8CE502CE0310}.Release|Any CPU.Build.0 = Release|Any CPU
	EndGlobalSection
	GlobalSection(SolutionProperties) = preSolution
		HideSolutionNode = FALSE
	EndGlobalSection
	GlobalSection(ExtensibilityGlobals) = postSolution
		SolutionGuid = {DA3CD29E-CF69-4467-845E-0B900EC5C411}
	EndGlobalSection
EndGlobal
